// !$*UTF8*$!
{
	archiveVersion = 1;
	classes = {
	};
	objectVersion = 50;
	objects = {

/* Begin PBXBuildFile section */
		F4562D0C23A274A10091ADA9 /* AppDelegate.swift in Sources */ = {isa = PBXBuildFile; fileRef = F4562D0B23A274A10091ADA9 /* AppDelegate.swift */; };
		F4562D0E23A274A10091ADA9 /* SceneDelegate.swift in Sources */ = {isa = PBXBuildFile; fileRef = F4562D0D23A274A10091ADA9 /* SceneDelegate.swift */; };
		F4562D1023A274A10091ADA9 /* ContainerViewController.swift in Sources */ = {isa = PBXBuildFile; fileRef = F4562D0F23A274A10091ADA9 /* ContainerViewController.swift */; };
		F4562D1323A274A10091ADA9 /* Main.storyboard in Resources */ = {isa = PBXBuildFile; fileRef = F4562D1123A274A10091ADA9 /* Main.storyboard */; };
		F4562D1523A274A20091ADA9 /* Assets.xcassets in Resources */ = {isa = PBXBuildFile; fileRef = F4562D1423A274A20091ADA9 /* Assets.xcassets */; };
		F4562D1823A274A20091ADA9 /* LaunchScreen.storyboard in Resources */ = {isa = PBXBuildFile; fileRef = F4562D1623A274A20091ADA9 /* LaunchScreen.storyboard */; };
		F459EEEF23A2A75700B41DB1 /* HomeViewController.swift in Sources */ = {isa = PBXBuildFile; fileRef = F459EEEE23A2A75700B41DB1 /* HomeViewController.swift */; };
		F459EEF223A2ABA900B41DB1 /* LeftDrawerViewControllerDelegate.swift in Sources */ = {isa = PBXBuildFile; fileRef = F459EEF123A2ABA900B41DB1 /* LeftDrawerViewControllerDelegate.swift */; };
		F46F446723A277E700266750 /* SideMenuOptions.swift in Sources */ = {isa = PBXBuildFile; fileRef = F46F446623A277E700266750 /* SideMenuOptions.swift */; };
		F46F446B23A27BD500266750 /* SideMenuTableViewCell.swift in Sources */ = {isa = PBXBuildFile; fileRef = F46F446923A27BD500266750 /* SideMenuTableViewCell.swift */; };
		F46F446C23A27BD500266750 /* SideMenuTableViewCell.xib in Resources */ = {isa = PBXBuildFile; fileRef = F46F446A23A27BD500266750 /* SideMenuTableViewCell.xib */; };
		F46F446E23A27EFC00266750 /* SideMenuTableViewController.swift in Sources */ = {isa = PBXBuildFile; fileRef = F46F446D23A27EFC00266750 /* SideMenuTableViewController.swift */; };
		F493095C23A3DD1800FD6252 /* FavoritesViewController.swift in Sources */ = {isa = PBXBuildFile; fileRef = F493095B23A3DD1800FD6252 /* FavoritesViewController.swift */; };
		F493095E23A3DD2900FD6252 /* ChatViewController.swift in Sources */ = {isa = PBXBuildFile; fileRef = F493095D23A3DD2900FD6252 /* ChatViewController.swift */; };
		F493096023A3DD3500FD6252 /* ChartViewController.swift in Sources */ = {isa = PBXBuildFile; fileRef = F493095F23A3DD3500FD6252 /* ChartViewController.swift */; };
		F493096523A3FCBF00FD6252 /* UIManager.swift in Sources */ = {isa = PBXBuildFile; fileRef = F493096423A3FCBF00FD6252 /* UIManager.swift */; };
		F493096723A3FFAD00FD6252 /* Favorites.storyboard in Resources */ = {isa = PBXBuildFile; fileRef = F493096623A3FFAD00FD6252 /* Favorites.storyboard */; };
		F493096923A3FFBB00FD6252 /* Chart.storyboard in Resources */ = {isa = PBXBuildFile; fileRef = F493096823A3FFBB00FD6252 /* Chart.storyboard */; };
		F493096B23A3FFC800FD6252 /* Chat.storyboard in Resources */ = {isa = PBXBuildFile; fileRef = F493096A23A3FFC800FD6252 /* Chat.storyboard */; };
		F493096D23A3FFD700FD6252 /* Home.storyboard in Resources */ = {isa = PBXBuildFile; fileRef = F493096C23A3FFD700FD6252 /* Home.storyboard */; };
		F4C0DA2523A2B9A000164761 /* SideMenuViewControllerDelegate.swift in Sources */ = {isa = PBXBuildFile; fileRef = F4C0DA2423A2B9A000164761 /* SideMenuViewControllerDelegate.swift */; };
		F4C0DA2723A2BDE400164761 /* ContainerViewControllerDelegate.swift in Sources */ = {isa = PBXBuildFile; fileRef = F4C0DA2623A2BDE300164761 /* ContainerViewControllerDelegate.swift */; };
/* End PBXBuildFile section */

/* Begin PBXFileReference section */
		F4562D0823A274A10091ADA9 /* SideMenu Demo2.app */ = {isa = PBXFileReference; explicitFileType = wrapper.application; includeInIndex = 0; path = "SideMenu Demo2.app"; sourceTree = BUILT_PRODUCTS_DIR; };
		F4562D0B23A274A10091ADA9 /* AppDelegate.swift */ = {isa = PBXFileReference; lastKnownFileType = sourcecode.swift; path = AppDelegate.swift; sourceTree = "<group>"; };
		F4562D0D23A274A10091ADA9 /* SceneDelegate.swift */ = {isa = PBXFileReference; lastKnownFileType = sourcecode.swift; path = SceneDelegate.swift; sourceTree = "<group>"; };
		F4562D0F23A274A10091ADA9 /* ContainerViewController.swift */ = {isa = PBXFileReference; lastKnownFileType = sourcecode.swift; path = ContainerViewController.swift; sourceTree = "<group>"; };
		F4562D1223A274A10091ADA9 /* Base */ = {isa = PBXFileReference; lastKnownFileType = file.storyboard; name = Base; path = Base.lproj/Main.storyboard; sourceTree = "<group>"; };
		F4562D1423A274A20091ADA9 /* Assets.xcassets */ = {isa = PBXFileReference; lastKnownFileType = folder.assetcatalog; path = Assets.xcassets; sourceTree = "<group>"; };
		F4562D1723A274A20091ADA9 /* Base */ = {isa = PBXFileReference; lastKnownFileType = file.storyboard; name = Base; path = Base.lproj/LaunchScreen.storyboard; sourceTree = "<group>"; };
		F4562D1923A274A20091ADA9 /* Info.plist */ = {isa = PBXFileReference; lastKnownFileType = text.plist.xml; path = Info.plist; sourceTree = "<group>"; };
		F459EEEE23A2A75700B41DB1 /* HomeViewController.swift */ = {isa = PBXFileReference; lastKnownFileType = sourcecode.swift; path = HomeViewController.swift; sourceTree = "<group>"; };
		F459EEF123A2ABA900B41DB1 /* LeftDrawerViewControllerDelegate.swift */ = {isa = PBXFileReference; lastKnownFileType = sourcecode.swift; path = LeftDrawerViewControllerDelegate.swift; sourceTree = "<group>"; };
		F46F446623A277E700266750 /* SideMenuOptions.swift */ = {isa = PBXFileReference; lastKnownFileType = sourcecode.swift; path = SideMenuOptions.swift; sourceTree = "<group>"; };
		F46F446923A27BD500266750 /* SideMenuTableViewCell.swift */ = {isa = PBXFileReference; lastKnownFileType = sourcecode.swift; path = SideMenuTableViewCell.swift; sourceTree = "<group>"; };
		F46F446A23A27BD500266750 /* SideMenuTableViewCell.xib */ = {isa = PBXFileReference; lastKnownFileType = file.xib; path = SideMenuTableViewCell.xib; sourceTree = "<group>"; };
		F46F446D23A27EFC00266750 /* SideMenuTableViewController.swift */ = {isa = PBXFileReference; lastKnownFileType = sourcecode.swift; path = SideMenuTableViewController.swift; sourceTree = "<group>"; };
		F493095B23A3DD1800FD6252 /* FavoritesViewController.swift */ = {isa = PBXFileReference; lastKnownFileType = sourcecode.swift; path = FavoritesViewController.swift; sourceTree = "<group>"; };
		F493095D23A3DD2900FD6252 /* ChatViewController.swift */ = {isa = PBXFileReference; lastKnownFileType = sourcecode.swift; path = ChatViewController.swift; sourceTree = "<group>"; };
		F493095F23A3DD3500FD6252 /* ChartViewController.swift */ = {isa = PBXFileReference; lastKnownFileType = sourcecode.swift; path = ChartViewController.swift; sourceTree = "<group>"; };
		F493096423A3FCBF00FD6252 /* UIManager.swift */ = {isa = PBXFileReference; lastKnownFileType = sourcecode.swift; path = UIManager.swift; sourceTree = "<group>"; };
		F493096623A3FFAD00FD6252 /* Favorites.storyboard */ = {isa = PBXFileReference; lastKnownFileType = file.storyboard; path = Favorites.storyboard; sourceTree = "<group>"; };
		F493096823A3FFBB00FD6252 /* Chart.storyboard */ = {isa = PBXFileReference; lastKnownFileType = file.storyboard; path = Chart.storyboard; sourceTree = "<group>"; };
		F493096A23A3FFC800FD6252 /* Chat.storyboard */ = {isa = PBXFileReference; lastKnownFileType = file.storyboard; path = Chat.storyboard; sourceTree = "<group>"; };
		F493096C23A3FFD700FD6252 /* Home.storyboard */ = {isa = PBXFileReference; lastKnownFileType = file.storyboard; path = Home.storyboard; sourceTree = "<group>"; };
		F4C0DA2423A2B9A000164761 /* SideMenuViewControllerDelegate.swift */ = {isa = PBXFileReference; lastKnownFileType = sourcecode.swift; path = SideMenuViewControllerDelegate.swift; sourceTree = "<group>"; };
		F4C0DA2623A2BDE300164761 /* ContainerViewControllerDelegate.swift */ = {isa = PBXFileReference; lastKnownFileType = sourcecode.swift; path = ContainerViewControllerDelegate.swift; sourceTree = "<group>"; };
/* End PBXFileReference section */

/* Begin PBXFrameworksBuildPhase section */
		F4562D0523A274A10091ADA9 /* Frameworks */ = {
			isa = PBXFrameworksBuildPhase;
			buildActionMask = 2147483647;
			files = (
			);
			runOnlyForDeploymentPostprocessing = 0;
		};
/* End PBXFrameworksBuildPhase section */

/* Begin PBXGroup section */
		F4562CFF23A274A10091ADA9 = {
			isa = PBXGroup;
			children = (
				F4562D0A23A274A10091ADA9 /* SideMenu Demo2 */,
				F4562D0923A274A10091ADA9 /* Products */,
			);
			sourceTree = "<group>";
		};
		F4562D0923A274A10091ADA9 /* Products */ = {
			isa = PBXGroup;
			children = (
				F4562D0823A274A10091ADA9 /* SideMenu Demo2.app */,
			);
			name = Products;
			sourceTree = "<group>";
		};
		F4562D0A23A274A10091ADA9 /* SideMenu Demo2 */ = {
			isa = PBXGroup;
			children = (
				F493096323A3FC7E00FD6252 /* Common */,
				F4562D2223A274C20091ADA9 /* Resources */,
				F4562D2123A274BC0091ADA9 /* View */,
				F4562D2023A274B70091ADA9 /* Controller */,
				F4562D1F23A274AD0091ADA9 /* Model */,
			);
			path = "SideMenu Demo2";
			sourceTree = "<group>";
		};
		F4562D1F23A274AD0091ADA9 /* Model */ = {
			isa = PBXGroup;
			children = (
				F46F446623A277E700266750 /* SideMenuOptions.swift */,
			);
			path = Model;
			sourceTree = "<group>";
		};
		F4562D2023A274B70091ADA9 /* Controller */ = {
			isa = PBXGroup;
			children = (
				F46F446823A27BAF00266750 /* Cell */,
				F4562D2423A275070091ADA9 /* Main */,
				F4562D0B23A274A10091ADA9 /* AppDelegate.swift */,
				F4562D0D23A274A10091ADA9 /* SceneDelegate.swift */,
			);
			path = Controller;
			sourceTree = "<group>";
		};
		F4562D2123A274BC0091ADA9 /* View */ = {
			isa = PBXGroup;
			children = (
				F493096123A3F5DC00FD6252 /* StoryBoard */,
			);
			path = View;
			sourceTree = "<group>";
		};
		F4562D2223A274C20091ADA9 /* Resources */ = {
			isa = PBXGroup;
			children = (
				F4562D1423A274A20091ADA9 /* Assets.xcassets */,
				F4562D1923A274A20091ADA9 /* Info.plist */,
			);
			path = Resources;
			sourceTree = "<group>";
		};
		F4562D2323A274C80091ADA9 /* Utils */ = {
			isa = PBXGroup;
			children = (
			);
			path = Utils;
			sourceTree = "<group>";
		};
		F4562D2423A275070091ADA9 /* Main */ = {
			isa = PBXGroup;
			children = (
				F459EEF023A2AB7800B41DB1 /* Protocols */,
				F4562D0F23A274A10091ADA9 /* ContainerViewController.swift */,
				F46F446D23A27EFC00266750 /* SideMenuTableViewController.swift */,
				F459EEEE23A2A75700B41DB1 /* HomeViewController.swift */,
				F493095B23A3DD1800FD6252 /* FavoritesViewController.swift */,
				F493095D23A3DD2900FD6252 /* ChatViewController.swift */,
				F493095F23A3DD3500FD6252 /* ChartViewController.swift */,
			);
			path = Main;
			sourceTree = "<group>";
		};
		F459EEF023A2AB7800B41DB1 /* Protocols */ = {
			isa = PBXGroup;
			children = (
				F459EEF123A2ABA900B41DB1 /* LeftDrawerViewControllerDelegate.swift */,
				F4C0DA2423A2B9A000164761 /* SideMenuViewControllerDelegate.swift */,
				F4C0DA2623A2BDE300164761 /* ContainerViewControllerDelegate.swift */,
			);
			path = Protocols;
			sourceTree = "<group>";
		};
		F46F446823A27BAF00266750 /* Cell */ = {
			isa = PBXGroup;
			children = (
				F46F446923A27BD500266750 /* SideMenuTableViewCell.swift */,
				F46F446A23A27BD500266750 /* SideMenuTableViewCell.xib */,
			);
			path = Cell;
			sourceTree = "<group>";
		};
		F493096123A3F5DC00FD6252 /* StoryBoard */ = {
			isa = PBXGroup;
			children = (
				F4562D1123A274A10091ADA9 /* Main.storyboard */,
				F4562D1623A274A20091ADA9 /* LaunchScreen.storyboard */,
				F493096623A3FFAD00FD6252 /* Favorites.storyboard */,
				F493096A23A3FFC800FD6252 /* Chat.storyboard */,
				F493096823A3FFBB00FD6252 /* Chart.storyboard */,
				F493096C23A3FFD700FD6252 /* Home.storyboard */,
			);
			path = StoryBoard;
			sourceTree = "<group>";
		};
		F493096323A3FC7E00FD6252 /* Common */ = {
			isa = PBXGroup;
			children = (
				F4562D2323A274C80091ADA9 /* Utils */,
				F493096423A3FCBF00FD6252 /* UIManager.swift */,
			);
			path = Common;
			sourceTree = "<group>";
		};
/* End PBXGroup section */

/* Begin PBXNativeTarget section */
		F4562D0723A274A10091ADA9 /* SideMenu Demo2 */ = {
			isa = PBXNativeTarget;
			buildConfigurationList = F4562D1C23A274A20091ADA9 /* Build configuration list for PBXNativeTarget "SideMenu Demo2" */;
			buildPhases = (
				F4562D0423A274A10091ADA9 /* Sources */,
				F4562D0523A274A10091ADA9 /* Frameworks */,
				F4562D0623A274A10091ADA9 /* Resources */,
			);
			buildRules = (
			);
			dependencies = (
			);
			name = "SideMenu Demo2";
			productName = "SideMenu Demo2";
			productReference = F4562D0823A274A10091ADA9 /* SideMenu Demo2.app */;
			productType = "com.apple.product-type.application";
		};
/* End PBXNativeTarget section */

/* Begin PBXProject section */
		F4562D0023A274A10091ADA9 /* Project object */ = {
			isa = PBXProject;
			attributes = {
				LastSwiftUpdateCheck = 1100;
				LastUpgradeCheck = 1100;
				ORGANIZATIONNAME = "Julio Collado";
				TargetAttributes = {
					F4562D0723A274A10091ADA9 = {
						CreatedOnToolsVersion = 11.0;
					};
				};
			};
			buildConfigurationList = F4562D0323A274A10091ADA9 /* Build configuration list for PBXProject "SideMenu Demo2" */;
			compatibilityVersion = "Xcode 9.3";
			developmentRegion = en;
			hasScannedForEncodings = 0;
			knownRegions = (
				en,
				Base,
			);
			mainGroup = F4562CFF23A274A10091ADA9;
			productRefGroup = F4562D0923A274A10091ADA9 /* Products */;
			projectDirPath = "";
			projectRoot = "";
			targets = (
				F4562D0723A274A10091ADA9 /* SideMenu Demo2 */,
			);
		};
/* End PBXProject section */

/* Begin PBXResourcesBuildPhase section */
		F4562D0623A274A10091ADA9 /* Resources */ = {
			isa = PBXResourcesBuildPhase;
			buildActionMask = 2147483647;
			files = (
				F493096B23A3FFC800FD6252 /* Chat.storyboard in Resources */,
				F4562D1823A274A20091ADA9 /* LaunchScreen.storyboard in Resources */,
				F4562D1523A274A20091ADA9 /* Assets.xcassets in Resources */,
				F4562D1323A274A10091ADA9 /* Main.storyboard in Resources */,
				F46F446C23A27BD500266750 /* SideMenuTableViewCell.xib in Resources */,
				F493096723A3FFAD00FD6252 /* Favorites.storyboard in Resources */,
				F493096923A3FFBB00FD6252 /* Chart.storyboard in Resources */,
				F493096D23A3FFD700FD6252 /* Home.storyboard in Resources */,
			);
			runOnlyForDeploymentPostprocessing = 0;
		};
/* End PBXResourcesBuildPhase section */

/* Begin PBXSourcesBuildPhase section */
		F4562D0423A274A10091ADA9 /* Sources */ = {
			isa = PBXSourcesBuildPhase;
			buildActionMask = 2147483647;
			files = (
				F46F446B23A27BD500266750 /* SideMenuTableViewCell.swift in Sources */,
				F46F446E23A27EFC00266750 /* SideMenuTableViewController.swift in Sources */,
				F4562D1023A274A10091ADA9 /* ContainerViewController.swift in Sources */,
				F4C0DA2523A2B9A000164761 /* SideMenuViewControllerDelegate.swift in Sources */,
				F493096023A3DD3500FD6252 /* ChartViewController.swift in Sources */,
				F4562D0C23A274A10091ADA9 /* AppDelegate.swift in Sources */,
				F4C0DA2723A2BDE400164761 /* ContainerViewControllerDelegate.swift in Sources */,
				F493096523A3FCBF00FD6252 /* UIManager.swift in Sources */,
				F493095C23A3DD1800FD6252 /* FavoritesViewController.swift in Sources */,
				F459EEF223A2ABA900B41DB1 /* LeftDrawerViewControllerDelegate.swift in Sources */,
				F46F446723A277E700266750 /* SideMenuOptions.swift in Sources */,
				F459EEEF23A2A75700B41DB1 /* HomeViewController.swift in Sources */,
				F493095E23A3DD2900FD6252 /* ChatViewController.swift in Sources */,
				F4562D0E23A274A10091ADA9 /* SceneDelegate.swift in Sources */,
			);
			runOnlyForDeploymentPostprocessing = 0;
		};
/* End PBXSourcesBuildPhase section */

/* Begin PBXVariantGroup section */
		F4562D1123A274A10091ADA9 /* Main.storyboard */ = {
			isa = PBXVariantGroup;
			children = (
				F4562D1223A274A10091ADA9 /* Base */,
			);
			name = Main.storyboard;
			sourceTree = "<group>";
		};
		F4562D1623A274A20091ADA9 /* LaunchScreen.storyboard */ = {
			isa = PBXVariantGroup;
			children = (
				F4562D1723A274A20091ADA9 /* Base */,
			);
			name = LaunchScreen.storyboard;
			sourceTree = "<group>";
		};
/* End PBXVariantGroup section */

/* Begin XCBuildConfiguration section */
		F4562D1A23A274A20091ADA9 /* Debug */ = {
			isa = XCBuildConfiguration;
			buildSettings = {
				ALWAYS_SEARCH_USER_PATHS = NO;
				CLANG_ANALYZER_NONNULL = YES;
				CLANG_ANALYZER_NUMBER_OBJECT_CONVERSION = YES_AGGRESSIVE;
				CLANG_CXX_LANGUAGE_STANDARD = "gnu++14";
				CLANG_CXX_LIBRARY = "libc++";
				CLANG_ENABLE_MODULES = YES;
				CLANG_ENABLE_OBJC_ARC = YES;
				CLANG_ENABLE_OBJC_WEAK = YES;
				CLANG_WARN_BLOCK_CAPTURE_AUTORELEASING = YES;
				CLANG_WARN_BOOL_CONVERSION = YES;
				CLANG_WARN_COMMA = YES;
				CLANG_WARN_CONSTANT_CONVERSION = YES;
				CLANG_WARN_DEPRECATED_OBJC_IMPLEMENTATIONS = YES;
				CLANG_WARN_DIRECT_OBJC_ISA_USAGE = YES_ERROR;
				CLANG_WARN_DOCUMENTATION_COMMENTS = YES;
				CLANG_WARN_EMPTY_BODY = YES;
				CLANG_WARN_ENUM_CONVERSION = YES;
				CLANG_WARN_INFINITE_RECURSION = YES;
				CLANG_WARN_INT_CONVERSION = YES;
				CLANG_WARN_NON_LITERAL_NULL_CONVERSION = YES;
				CLANG_WARN_OBJC_IMPLICIT_RETAIN_SELF = YES;
				CLANG_WARN_OBJC_LITERAL_CONVERSION = YES;
				CLANG_WARN_OBJC_ROOT_CLASS = YES_ERROR;
				CLANG_WARN_RANGE_LOOP_ANALYSIS = YES;
				CLANG_WARN_STRICT_PROTOTYPES = YES;
				CLANG_WARN_SUSPICIOUS_MOVE = YES;
				CLANG_WARN_UNGUARDED_AVAILABILITY = YES_AGGRESSIVE;
				CLANG_WARN_UNREACHABLE_CODE = YES;
				CLANG_WARN__DUPLICATE_METHOD_MATCH = YES;
				COPY_PHASE_STRIP = NO;
				DEBUG_INFORMATION_FORMAT = dwarf;
				ENABLE_STRICT_OBJC_MSGSEND = YES;
				ENABLE_TESTABILITY = YES;
				GCC_C_LANGUAGE_STANDARD = gnu11;
				GCC_DYNAMIC_NO_PIC = NO;
				GCC_NO_COMMON_BLOCKS = YES;
				GCC_OPTIMIZATION_LEVEL = 0;
				GCC_PREPROCESSOR_DEFINITIONS = (
					"DEBUG=1",
					"$(inherited)",
				);
				GCC_WARN_64_TO_32_BIT_CONVERSION = YES;
				GCC_WARN_ABOUT_RETURN_TYPE = YES_ERROR;
				GCC_WARN_UNDECLARED_SELECTOR = YES;
				GCC_WARN_UNINITIALIZED_AUTOS = YES_AGGRESSIVE;
				GCC_WARN_UNUSED_FUNCTION = YES;
				GCC_WARN_UNUSED_VARIABLE = YES;
				IPHONEOS_DEPLOYMENT_TARGET = 11.0;
				MTL_ENABLE_DEBUG_INFO = INCLUDE_SOURCE;
				MTL_FAST_MATH = YES;
				ONLY_ACTIVE_ARCH = YES;
				SDKROOT = iphoneos;
				SWIFT_ACTIVE_COMPILATION_CONDITIONS = DEBUG;
				SWIFT_OPTIMIZATION_LEVEL = "-Onone";
			};
			name = Debug;
		};
		F4562D1B23A274A20091ADA9 /* Release */ = {
			isa = XCBuildConfiguration;
			buildSettings = {
				ALWAYS_SEARCH_USER_PATHS = NO;
				CLANG_ANALYZER_NONNULL = YES;
				CLANG_ANALYZER_NUMBER_OBJECT_CONVERSION = YES_AGGRESSIVE;
				CLANG_CXX_LANGUAGE_STANDARD = "gnu++14";
				CLANG_CXX_LIBRARY = "libc++";
				CLANG_ENABLE_MODULES = YES;
				CLANG_ENABLE_OBJC_ARC = YES;
				CLANG_ENABLE_OBJC_WEAK = YES;
				CLANG_WARN_BLOCK_CAPTURE_AUTORELEASING = YES;
				CLANG_WARN_BOOL_CONVERSION = YES;
				CLANG_WARN_COMMA = YES;
				CLANG_WARN_CONSTANT_CONVERSION = YES;
				CLANG_WARN_DEPRECATED_OBJC_IMPLEMENTATIONS = YES;
				CLANG_WARN_DIRECT_OBJC_ISA_USAGE = YES_ERROR;
				CLANG_WARN_DOCUMENTATION_COMMENTS = YES;
				CLANG_WARN_EMPTY_BODY = YES;
				CLANG_WARN_ENUM_CONVERSION = YES;
				CLANG_WARN_INFINITE_RECURSION = YES;
				CLANG_WARN_INT_CONVERSION = YES;
				CLANG_WARN_NON_LITERAL_NULL_CONVERSION = YES;
				CLANG_WARN_OBJC_IMPLICIT_RETAIN_SELF = YES;
				CLANG_WARN_OBJC_LITERAL_CONVERSION = YES;
				CLANG_WARN_OBJC_ROOT_CLASS = YES_ERROR;
				CLANG_WARN_RANGE_LOOP_ANALYSIS = YES;
				CLANG_WARN_STRICT_PROTOTYPES = YES;
				CLANG_WARN_SUSPICIOUS_MOVE = YES;
				CLANG_WARN_UNGUARDED_AVAILABILITY = YES_AGGRESSIVE;
				CLANG_WARN_UNREACHABLE_CODE = YES;
				CLANG_WARN__DUPLICATE_METHOD_MATCH = YES;
				COPY_PHASE_STRIP = NO;
				DEBUG_INFORMATION_FORMAT = "dwarf-with-dsym";
				ENABLE_NS_ASSERTIONS = NO;
				ENABLE_STRICT_OBJC_MSGSEND = YES;
				GCC_C_LANGUAGE_STANDARD = gnu11;
				GCC_NO_COMMON_BLOCKS = YES;
				GCC_WARN_64_TO_32_BIT_CONVERSION = YES;
				GCC_WARN_ABOUT_RETURN_TYPE = YES_ERROR;
				GCC_WARN_UNDECLARED_SELECTOR = YES;
				GCC_WARN_UNINITIALIZED_AUTOS = YES_AGGRESSIVE;
				GCC_WARN_UNUSED_FUNCTION = YES;
				GCC_WARN_UNUSED_VARIABLE = YES;
				IPHONEOS_DEPLOYMENT_TARGET = 11.0;
				MTL_ENABLE_DEBUG_INFO = NO;
				MTL_FAST_MATH = YES;
				SDKROOT = iphoneos;
				SWIFT_COMPILATION_MODE = wholemodule;
				SWIFT_OPTIMIZATION_LEVEL = "-O";
				VALIDATE_PRODUCT = YES;
			};
			name = Release;
		};
		F4562D1D23A274A20091ADA9 /* Debug */ = {
			isa = XCBuildConfiguration;
			buildSettings = {
				ASSETCATALOG_COMPILER_APPICON_NAME = AppIcon;
				CODE_SIGN_STYLE = Automatic;
				DEVELOPMENT_TEAM = SN83FZJ9R5;
				INFOPLIST_FILE = "SideMenu Demo2/Resources/Info.plist";
				LD_RUNPATH_SEARCH_PATHS = (
					"$(inherited)",
					"@executable_path/Frameworks",
				);
				PRODUCT_BUNDLE_IDENTIFIER = "com.jcollado.SideMenu-Demo2";
				PRODUCT_NAME = "$(TARGET_NAME)";
				SWIFT_VERSION = 5.0;
				TARGETED_DEVICE_FAMILY = 1;
			};
			name = Debug;
		};
		F4562D1E23A274A20091ADA9 /* Release */ = {
			isa = XCBuildConfiguration;
			buildSettings = {
				ASSETCATALOG_COMPILER_APPICON_NAME = AppIcon;
				CODE_SIGN_STYLE = Automatic;
				DEVELOPMENT_TEAM = SN83FZJ9R5;
				INFOPLIST_FILE = "SideMenu Demo2/Resources/Info.plist";
				LD_RUNPATH_SEARCH_PATHS = (
					"$(inherited)",
					"@executable_path/Frameworks",
				);
				PRODUCT_BUNDLE_IDENTIFIER = "com.jcollado.SideMenu-Demo2";
				PRODUCT_NAME = "$(TARGET_NAME)";
				SWIFT_VERSION = 5.0;
				TARGETED_DEVICE_FAMILY = 1;
			};
			name = Release;
		};
/* End XCBuildConfiguration section */

/* Begin XCConfigurationList section */
		F4562D0323A274A10091ADA9 /* Build configuration list for PBXProject "SideMenu Demo2" */ = {
			isa = XCConfigurationList;
			buildConfigurations = (
				F4562D1A23A274A20091ADA9 /* Debug */,
				F4562D1B23A274A20091ADA9 /* Release */,
			);
			defaultConfigurationIsVisible = 0;
			defaultConfigurationName = Release;
		};
		F4562D1C23A274A20091ADA9 /* Build configuration list for PBXNativeTarget "SideMenu Demo2" */ = {
			isa = XCConfigurationList;
			buildConfigurations = (
				F4562D1D23A274A20091ADA9 /* Debug */,
				F4562D1E23A274A20091ADA9 /* Release */,
			);
			defaultConfigurationIsVisible = 0;
			defaultConfigurationName = Release;
		};
/* End XCConfigurationList section */
	};
	rootObject = F4562D0023A274A10091ADA9 /* Project object */;
}
